
Microsoft Visual Studio Solution File, Format Version 12.00
# Visual Studio Version 17
VisualStudioVersion = 17.14.36301.6
MinimumVisualStudioVersion = 10.0.40219.1
Project("{FAE04EC0-301F-11D3-BF4B-00C04F79EFBC}") = "iCloudMonkey", "iCloudMonkey\iCloudMonkey.csproj", "{C9426C29-0731-4F23-9FF7-0E17B6720FD3}"
EndProject
Global
	GlobalSection(SolutionConfigurationPlatforms) = preSolution
		Debug|Any CPU = Debug|Any CPU
		Debug|x64 = Debug|x64
		GitHubRelease|Any CPU = GitHubRelease|Any CPU
		GitHubRelease|x64 = GitHubRelease|x64
		Release|Any CPU = Release|Any CPU
		Release|x64 = Release|x64
	EndGlobalSection
	GlobalSection(ProjectConfigurationPlatforms) = postSolution
		{C9426C29-0731-4F23-9FF7-0E17B6720FD3}.Debug|Any CPU.ActiveCfg = Debug|Any CPU
		{C9426C29-0731-4F23-9FF7-0E17B6720FD3}.Debug|Any CPU.Build.0 = Debug|Any CPU
		{C9426C29-0731-4F23-9FF7-0E17B6720FD3}.Debug|x64.ActiveCfg = Debug|Any CPU
		{C9426C29-0731-4F23-9FF7-0E17B6720FD3}.Debug|x64.Build.0 = Debug|Any CPU
		{C9426C29-0731-4F23-9FF7-0E17B6720FD3}.GitHubRelease|Any CPU.ActiveCfg = GitHubRelease|Any CPU
		{C9426C29-0731-4F23-9FF7-0E17B6720FD3}.GitHubRelease|Any CPU.Build.0 = GitHubRelease|Any CPU
		{C9426C29-0731-4F23-9FF7-0E17B6720FD3}.GitHubRelease|x64.ActiveCfg = GitHubRelease|Any CPU
		{C9426C29-0731-4F23-9FF7-0E17B6720FD3}.GitHubRelease|x64.Build.0 = GitHubRelease|Any CPU
		{C9426C29-0731-4F23-9FF7-0E17B6720FD3}.Release|Any CPU.ActiveCfg = Release|Any CPU
		{C9426C29-0731-4F23-9FF7-0E17B6720FD3}.Release|Any CPU.Build.0 = Release|Any CPU
		{C9426C29-0731-4F23-9FF7-0E17B6720FD3}.Release|x64.ActiveCfg = Release|Any CPU
	EndGlobalSection
	GlobalSection(SolutionProperties) = preSolution
		HideSolutionNode = FALSE
	EndGlobalSection
	GlobalSection(ExtensibilityGlobals) = postSolution
		SolutionGuid = {FA3DD26E-31A6-45FF-8862-46957D4DA70F}
	EndGlobalSection
EndGlobal
